
Microsoft Visual Studio Solution File, Format Version 12.00
# Visual Studio Version 16
VisualStudioVersion = 16.0.32002.261
MinimumVisualStudioVersion = 10.0.40219.1
Project("{9A19103F-16F7-4668-BE54-9A1E7A4F7556}") = "Blog.Data", "Domain\Blog.Data\Blog.Data.csproj", "{9FE2B067-F307-475C-B29C-50839A6B6602}"
EndProject
Project("{FAE04EC0-301F-11D3-BF4B-00C04F79EFBC}") = "Blog.Application", "Domain\Blog.Application\Blog.Application.csproj", "{5ECB2F5D-46BD-4702-A442-27D31BBB9057}"
EndProject
Project("{FAE04EC0-301F-11D3-BF4B-00C04F79EFBC}") = "Blog.ViewModels", "Infrastructure\Blog.ViewModels\Blog.ViewModels.csproj", "{EF5192CB-D5E0-4325-B02C-E17ADA1BA8F8}"
EndProject
Project("{FAE04EC0-301F-11D3-BF4B-00C04F79EFBC}") = "Blog.Utilities", "Infrastructure\Blog.Utilities\Blog.Utilities.csproj", "{A213B701-F544-47E9-81AD-7913D48BD966}"
EndProject
Global
	GlobalSection(SolutionConfigurationPlatforms) = preSolution
		Debug|Any CPU = Debug|Any CPU
		Release|Any CPU = Release|Any CPU
	EndGlobalSection
	GlobalSection(ProjectConfigurationPlatforms) = postSolution
		{9FE2B067-F307-475C-B29C-50839A6B6602}.Debug|Any CPU.ActiveCfg = Debug|Any CPU
		{9FE2B067-F307-475C-B29C-50839A6B6602}.Debug|Any CPU.Build.0 = Debug|Any CPU
		{9FE2B067-F307-475C-B29C-50839A6B6602}.Release|Any CPU.ActiveCfg = Release|Any CPU
		{9FE2B067-F307-475C-B29C-50839A6B6602}.Release|Any CPU.Build.0 = Release|Any CPU
		{5ECB2F5D-46BD-4702-A442-27D31BBB9057}.Debug|Any CPU.ActiveCfg = Debug|Any CPU
		{5ECB2F5D-46BD-4702-A442-27D31BBB9057}.Debug|Any CPU.Build.0 = Debug|Any CPU
		{5ECB2F5D-46BD-4702-A442-27D31BBB9057}.Release|Any CPU.ActiveCfg = Release|Any CPU
		{5ECB2F5D-46BD-4702-A442-27D31BBB9057}.Release|Any CPU.Build.0 = Release|Any CPU
		{EF5192CB-D5E0-4325-B02C-E17ADA1BA8F8}.Debug|Any CPU.ActiveCfg = Debug|Any CPU
		{EF5192CB-D5E0-4325-B02C-E17ADA1BA8F8}.Debug|Any CPU.Build.0 = Debug|Any CPU
		{EF5192CB-D5E0-4325-B02C-E17ADA1BA8F8}.Release|Any CPU.ActiveCfg = Release|Any CPU
		{EF5192CB-D5E0-4325-B02C-E17ADA1BA8F8}.Release|Any CPU.Build.0 = Release|Any CPU
		{A213B701-F544-47E9-81AD-7913D48BD966}.Debug|Any CPU.ActiveCfg = Debug|Any CPU
		{A213B701-F544-47E9-81AD-7913D48BD966}.Debug|Any CPU.Build.0 = Debug|Any CPU
		{A213B701-F544-47E9-81AD-7913D48BD966}.Release|Any CPU.ActiveCfg = Release|Any CPU
		{A213B701-F544-47E9-81AD-7913D48BD966}.Release|Any CPU.Build.0 = Release|Any CPU
	EndGlobalSection
	GlobalSection(SolutionProperties) = preSolution
		HideSolutionNode = FALSE
	EndGlobalSection
	GlobalSection(ExtensibilityGlobals) = postSolution
		SolutionGuid = {BD6967B5-4D0A-4042-BC3C-981966A0C587}
	EndGlobalSection
EndGlobal
